
Microsoft Visual Studio Solution File, Format Version 12.00
# Visual Studio Version 16
VisualStudioVersion = 16.0.32002.261
MinimumVisualStudioVersion = 10.0.40219.1
Project("{FAE04EC0-301F-11D3-BF4B-00C04F79EFBC}") = "ByteBank", "ByteBank\ByteBank.csproj", "{C36283F2-046F-41B8-9FBB-20C2CB9F807B}"
EndProject
Global
	GlobalSection(SolutionConfigurationPlatforms) = preSolution
		Debug|Any CPU = Debug|Any CPU
		Release|Any CPU = Release|Any CPU
	EndGlobalSection
	GlobalSection(ProjectConfigurationPlatforms) = postSolution
		{C36283F2-046F-41B8-9FBB-20C2CB9F807B}.Debug|Any CPU.ActiveCfg = Debug|Any CPU
		{C36283F2-046F-41B8-9FBB-20C2CB9F807B}.Debug|Any CPU.Build.0 = Debug|Any CPU
		{C36283F2-046F-41B8-9FBB-20C2CB9F807B}.Release|Any CPU.ActiveCfg = Release|Any CPU
		{C36283F2-046F-41B8-9FBB-20C2CB9F807B}.Release|Any CPU.Build.0 = Release|Any CPU
	EndGlobalSection
	GlobalSection(SolutionProperties) = preSolution
		HideSolutionNode = FALSE
	EndGlobalSection
	GlobalSection(ExtensibilityGlobals) = postSolution
		SolutionGuid = {C7023C86-E328-4E9F-888F-FFA3A1319595}
	EndGlobalSection
EndGlobal
