
Microsoft Visual Studio Solution File, Format Version 12.00
# Visual Studio Version 16
VisualStudioVersion = 16.0.29009.5
MinimumVisualStudioVersion = 10.0.40219.1
Project("{9A19103F-16F7-4668-BE54-9A1E7A4F7556}") = "olaMundoCSharp", "olaMundoCSharp\olaMundoCSharp.csproj", "{5D9538D5-5F7C-44AF-BCAB-E77992530A78}"
EndProject
Project("{9A19103F-16F7-4668-BE54-9A1E7A4F7556}") = "criandoVariaveis", "criandoVariaveis\criandoVariaveis.csproj", "{D53526B7-1959-488B-A9B0-355AD403ADF0}"
EndProject
Project("{9A19103F-16F7-4668-BE54-9A1E7A4F7556}") = "bollean", "bollean\bollean.csproj", "{4E63B680-1624-4C6C-A212-7F801A0C42F4}"
EndProject
Project("{FAE04EC0-301F-11D3-BF4B-00C04F79EFBC}") = "appIterativo", "appIterativo\appIterativo.csproj", "{03B46116-C404-4AFA-A1D3-D483A2AD1A9E}"
EndProject
Project("{FAE04EC0-301F-11D3-BF4B-00C04F79EFBC}") = "writeLineProject", "writeLineProject\writeLineProject.csproj", "{C8BF77D6-E379-42DC-8EF4-C5AAFCA1342B}"
EndProject
Global
	GlobalSection(SolutionConfigurationPlatforms) = preSolution
		Debug|Any CPU = Debug|Any CPU
		Release|Any CPU = Release|Any CPU
	EndGlobalSection
	GlobalSection(ProjectConfigurationPlatforms) = postSolution
		{5D9538D5-5F7C-44AF-BCAB-E77992530A78}.Debug|Any CPU.ActiveCfg = Debug|Any CPU
		{5D9538D5-5F7C-44AF-BCAB-E77992530A78}.Debug|Any CPU.Build.0 = Debug|Any CPU
		{5D9538D5-5F7C-44AF-BCAB-E77992530A78}.Release|Any CPU.ActiveCfg = Release|Any CPU
		{5D9538D5-5F7C-44AF-BCAB-E77992530A78}.Release|Any CPU.Build.0 = Release|Any CPU
		{D53526B7-1959-488B-A9B0-355AD403ADF0}.Debug|Any CPU.ActiveCfg = Debug|Any CPU
		{D53526B7-1959-488B-A9B0-355AD403ADF0}.Debug|Any CPU.Build.0 = Debug|Any CPU
		{D53526B7-1959-488B-A9B0-355AD403ADF0}.Release|Any CPU.ActiveCfg = Release|Any CPU
		{D53526B7-1959-488B-A9B0-355AD403ADF0}.Release|Any CPU.Build.0 = Release|Any CPU
		{4E63B680-1624-4C6C-A212-7F801A0C42F4}.Debug|Any CPU.ActiveCfg = Debug|Any CPU
		{4E63B680-1624-4C6C-A212-7F801A0C42F4}.Debug|Any CPU.Build.0 = Debug|Any CPU
		{4E63B680-1624-4C6C-A212-7F801A0C42F4}.Release|Any CPU.ActiveCfg = Release|Any CPU
		{4E63B680-1624-4C6C-A212-7F801A0C42F4}.Release|Any CPU.Build.0 = Release|Any CPU
		{03B46116-C404-4AFA-A1D3-D483A2AD1A9E}.Debug|Any CPU.ActiveCfg = Debug|Any CPU
		{03B46116-C404-4AFA-A1D3-D483A2AD1A9E}.Debug|Any CPU.Build.0 = Debug|Any CPU
		{03B46116-C404-4AFA-A1D3-D483A2AD1A9E}.Release|Any CPU.ActiveCfg = Release|Any CPU
		{03B46116-C404-4AFA-A1D3-D483A2AD1A9E}.Release|Any CPU.Build.0 = Release|Any CPU
		{C8BF77D6-E379-42DC-8EF4-C5AAFCA1342B}.Debug|Any CPU.ActiveCfg = Debug|Any CPU
		{C8BF77D6-E379-42DC-8EF4-C5AAFCA1342B}.Debug|Any CPU.Build.0 = Debug|Any CPU
		{C8BF77D6-E379-42DC-8EF4-C5AAFCA1342B}.Release|Any CPU.ActiveCfg = Release|Any CPU
		{C8BF77D6-E379-42DC-8EF4-C5AAFCA1342B}.Release|Any CPU.Build.0 = Release|Any CPU
	EndGlobalSection
	GlobalSection(SolutionProperties) = preSolution
		HideSolutionNode = FALSE
	EndGlobalSection
	GlobalSection(ExtensibilityGlobals) = postSolution
		SolutionGuid = {C6B13D8D-A2B3-4967-BBB9-42CB7176D678}
	EndGlobalSection
EndGlobal
