
Microsoft Visual Studio Solution File, Format Version 12.00
# Visual Studio Version 16
VisualStudioVersion = 16.0.32002.261
MinimumVisualStudioVersion = 10.0.40219.1
Project("{9A19103F-16F7-4668-BE54-9A1E7A4F7556}") = "MatrizCSharp", "arquivoBusca\MatrizCSharp.csproj", "{857682E9-2FB6-40D8-97B6-4F66DAF07553}"
EndProject
Global
	GlobalSection(SolutionConfigurationPlatforms) = preSolution
		Debug|Any CPU = Debug|Any CPU
		Release|Any CPU = Release|Any CPU
	EndGlobalSection
	GlobalSection(ProjectConfigurationPlatforms) = postSolution
		{857682E9-2FB6-40D8-97B6-4F66DAF07553}.Debug|Any CPU.ActiveCfg = Debug|Any CPU
		{857682E9-2FB6-40D8-97B6-4F66DAF07553}.Debug|Any CPU.Build.0 = Debug|Any CPU
		{857682E9-2FB6-40D8-97B6-4F66DAF07553}.Release|Any CPU.ActiveCfg = Release|Any CPU
		{857682E9-2FB6-40D8-97B6-4F66DAF07553}.Release|Any CPU.Build.0 = Release|Any CPU
	EndGlobalSection
	GlobalSection(SolutionProperties) = preSolution
		HideSolutionNode = FALSE
	EndGlobalSection
	GlobalSection(ExtensibilityGlobals) = postSolution
		SolutionGuid = {06F0EF43-CE3B-4AFD-96F9-10F5276C91AB}
	EndGlobalSection
EndGlobal
